
Microsoft Visual Studio Solution File, Format Version 12.00
# Visual Studio 15
VisualStudioVersion = 15.0.27428.2015
MinimumVisualStudioVersion = 10.0.40219.1
Project("{FAE04EC0-301F-11D3-BF4B-00C04F79EFBC}") = "AngularNET", "AngularNET\AngularNET.csproj", "{14DA0E2E-B29B-4FE7-94FF-A9CC3CD8ACB5}"
EndProject
Global
	GlobalSection(SolutionConfigurationPlatforms) = preSolution
		Debug|Any CPU = Debug|Any CPU
		Release|Any CPU = Release|Any CPU
	EndGlobalSection
	GlobalSection(ProjectConfigurationPlatforms) = postSolution
		{14DA0E2E-B29B-4FE7-94FF-A9CC3CD8ACB5}.Debug|Any CPU.ActiveCfg = Debug|Any CPU
		{14DA0E2E-B29B-4FE7-94FF-A9CC3CD8ACB5}.Debug|Any CPU.Build.0 = Debug|Any CPU
		{14DA0E2E-B29B-4FE7-94FF-A9CC3CD8ACB5}.Release|Any CPU.ActiveCfg = Release|Any CPU
		{14DA0E2E-B29B-4FE7-94FF-A9CC3CD8ACB5}.Release|Any CPU.Build.0 = Release|Any CPU
	EndGlobalSection
	GlobalSection(SolutionProperties) = preSolution
		HideSolutionNode = FALSE
	EndGlobalSection
	GlobalSection(ExtensibilityGlobals) = postSolution
		SolutionGuid = {F526D69B-31FC-46E8-911F-F699A0CA4E1F}
	EndGlobalSection
EndGlobal
